
Microsoft Visual Studio Solution File, Format Version 12.00
# Visual Studio Version 17
VisualStudioVersion = 17.1.32414.318
MinimumVisualStudioVersion = 10.0.40219.1
Project("{FAE04EC0-301F-11D3-BF4B-00C04F79EFBC}") = "AridArnoldEditor", "AridArnoldEditor\AridArnoldEditor.csproj", "{809E05DE-BA17-4488-BDA2-8CF9A53373DB}"
EndProject
Global
	GlobalSection(SolutionConfigurationPlatforms) = preSolution
		Debug|Any CPU = Debug|Any CPU
		Release|Any CPU = Release|Any CPU
	EndGlobalSection
	GlobalSection(ProjectConfigurationPlatforms) = postSolution
		{809E05DE-BA17-4488-BDA2-8CF9A53373DB}.Debug|Any CPU.ActiveCfg = Debug|Any CPU
		{809E05DE-BA17-4488-BDA2-8CF9A53373DB}.Debug|Any CPU.Build.0 = Debug|Any CPU
		{809E05DE-BA17-4488-BDA2-8CF9A53373DB}.Release|Any CPU.ActiveCfg = Release|Any CPU
		{809E05DE-BA17-4488-BDA2-8CF9A53373DB}.Release|Any CPU.Build.0 = Release|Any CPU
	EndGlobalSection
	GlobalSection(SolutionProperties) = preSolution
		HideSolutionNode = FALSE
	EndGlobalSection
	GlobalSection(ExtensibilityGlobals) = postSolution
		SolutionGuid = {6A08404E-2862-4317-AD6A-67C3C1F9325E}
	EndGlobalSection
EndGlobal
